
Microsoft Visual Studio Solution File, Format Version 11.00
# Visual Studio 2010
Project("{FAE04EC0-301F-11D3-BF4B-00C04F79EFBC}") = "2048WithHyperIMU", "Assembly-CSharp.csproj", "{FCC63C11-864C-71F2-1744-889AAE38C724}"
EndProject
Global
	GlobalSection(SolutionConfigurationPlatforms) = preSolution
		Debug|Any CPU = Debug|Any CPU
		Release|Any CPU = Release|Any CPU
	EndGlobalSection
	GlobalSection(ProjectConfigurationPlatforms) = postSolution
		{FCC63C11-864C-71F2-1744-889AAE38C724}.Debug|Any CPU.ActiveCfg = Debug|Any CPU
		{FCC63C11-864C-71F2-1744-889AAE38C724}.Debug|Any CPU.Build.0 = Debug|Any CPU
		{FCC63C11-864C-71F2-1744-889AAE38C724}.Release|Any CPU.ActiveCfg = Release|Any CPU
		{FCC63C11-864C-71F2-1744-889AAE38C724}.Release|Any CPU.Build.0 = Release|Any CPU
	EndGlobalSection
	GlobalSection(SolutionProperties) = preSolution
		HideSolutionNode = FALSE
	EndGlobalSection
	GlobalSection(MonoDevelopProperties) = preSolution
		StartupItem = Assembly-CSharp.csproj
	EndGlobalSection
EndGlobal
